
Microsoft Visual Studio Solution File, Format Version 12.00
# Visual Studio Version 17
VisualStudioVersion = 17.5.002.0
MinimumVisualStudioVersion = 10.0.40219.1
Project("{2150E333-8FDC-42A3-9474-1A3956D46DE8}") = "CalendarBase", "CalendarBase", "{7FF5DBDF-DBDC-4FFB-9C75-AE7C7E0C25D9}"
EndProject
Project("{9A19103F-16F7-4668-BE54-9A1E7A4F7556}") = "CalendarBase", "CalendarBase\Files\CalendarBase.csproj", "{A1FB3D70-1BFC-46A8-B655-061B194E5B9E}"
EndProject
Project("{2150E333-8FDC-42A3-9474-1A3956D46DE8}") = "CrtBaseConsts", "CrtBaseConsts", "{EA437697-8614-48B0-B0C6-D626A8F65ED6}"
EndProject
Project("{9A19103F-16F7-4668-BE54-9A1E7A4F7556}") = "CrtBaseConsts", "CrtBaseConsts\Files\CrtBaseConsts.csproj", "{ADBFE499-4B1D-4456-86DE-D1E5243FF05F}"
EndProject
Project("{2150E333-8FDC-42A3-9474-1A3956D46DE8}") = "CrtC360InUiV2", "CrtC360InUiV2", "{49A3AFBE-4FD8-4E18-9ECC-97E69ABE930C}"
EndProject
Project("{9A19103F-16F7-4668-BE54-9A1E7A4F7556}") = "CrtC360InUiV2", "CrtC360InUiV2\Files\CrtC360InUiV2.csproj", "{3749CBE4-DFC3-4114-947C-CFF4433B90D9}"
EndProject
Project("{2150E333-8FDC-42A3-9474-1A3956D46DE8}") = "CrtCalendar", "CrtCalendar", "{2F5114AB-A652-4C47-88A2-C27ABF5D0BD3}"
EndProject
Project("{9A19103F-16F7-4668-BE54-9A1E7A4F7556}") = "CrtCalendar", "CrtCalendar\Files\CrtCalendar.csproj", "{6C79B4EF-DD3F-4F4B-A2E3-8E15070617D9}"
EndProject
Project("{2150E333-8FDC-42A3-9474-1A3956D46DE8}") = "CrtCore", "CrtCore", "{0CEDE775-C7B5-4912-AF52-FB64524D7E2F}"
EndProject
Project("{9A19103F-16F7-4668-BE54-9A1E7A4F7556}") = "CrtCore", "CrtCore\Files\CrtCore.csproj", "{1F274517-73D9-4F07-97B6-46D82A698AE1}"
EndProject
Project("{2150E333-8FDC-42A3-9474-1A3956D46DE8}") = "CrtCoreBase", "CrtCoreBase", "{F1527A9A-819C-41FF-9DCE-53B2ACFB4802}"
EndProject
Project("{9A19103F-16F7-4668-BE54-9A1E7A4F7556}") = "CrtCoreBase", "CrtCoreBase\Files\CrtCoreBase.csproj", "{5044726C-67D7-447F-BB67-4048A2CECF8D}"
EndProject
Project("{2150E333-8FDC-42A3-9474-1A3956D46DE8}") = "CrtCustomer360App", "CrtCustomer360App", "{28D54FCC-89A9-47B2-A605-6A76634909A2}"
EndProject
Project("{9A19103F-16F7-4668-BE54-9A1E7A4F7556}") = "CrtCustomer360App", "CrtCustomer360App\Files\CrtCustomer360App.csproj", "{4DDA0291-F64F-43DA-A245-488A44C75ADA}"
EndProject
Project("{2150E333-8FDC-42A3-9474-1A3956D46DE8}") = "CrtCustomer360Mobile", "CrtCustomer360Mobile", "{3C5B45A6-7E36-4336-9674-AA68FF2FEFD0}"
EndProject
Project("{9A19103F-16F7-4668-BE54-9A1E7A4F7556}") = "CrtCustomer360Mobile", "CrtCustomer360Mobile\Files\CrtCustomer360Mobile.csproj", "{BA6E5883-5895-40D2-9C18-36285A988870}"
EndProject
Project("{2150E333-8FDC-42A3-9474-1A3956D46DE8}") = "CrtEmailSender", "CrtEmailSender", "{78C611A8-2E35-4871-8955-40C0120635C7}"
EndProject
Project("{9A19103F-16F7-4668-BE54-9A1E7A4F7556}") = "CrtEmailSender", "CrtEmailSender\Files\CrtEmailSender.csproj", "{1AF3D2FA-C945-45A5-BFAD-F386285D55E3}"
EndProject
Project("{2150E333-8FDC-42A3-9474-1A3956D46DE8}") = "CrtEmailTemplate", "CrtEmailTemplate", "{FFBE6245-1BB9-473E-A5F6-328A37E03C81}"
EndProject
Project("{9A19103F-16F7-4668-BE54-9A1E7A4F7556}") = "CrtEmailTemplate", "CrtEmailTemplate\Files\CrtEmailTemplate.csproj", "{04BF3DEC-A95D-4BBF-BCAE-14EDB13A7E3F}"
EndProject
Project("{2150E333-8FDC-42A3-9474-1A3956D46DE8}") = "CrtFeatureToggling", "CrtFeatureToggling", "{53759091-BE7B-4402-87D5-70C90DD315C4}"
EndProject
Project("{9A19103F-16F7-4668-BE54-9A1E7A4F7556}") = "CrtFeatureToggling", "CrtFeatureToggling\Files\CrtFeatureToggling.csproj", "{AF426A7E-0635-497E-A913-E286927FC295}"
EndProject
Project("{2150E333-8FDC-42A3-9474-1A3956D46DE8}") = "CrtMacrosBase", "CrtMacrosBase", "{A65FCE7F-A059-468C-A054-043D2BB3DD11}"
EndProject
Project("{9A19103F-16F7-4668-BE54-9A1E7A4F7556}") = "CrtMacrosBase", "CrtMacrosBase\Files\CrtMacrosBase.csproj", "{AD14A422-7A1B-4329-AE68-EB547F94BD3E}"
EndProject
Project("{2150E333-8FDC-42A3-9474-1A3956D46DE8}") = "CrtML", "CrtML", "{61A21054-55EC-4B54-8600-534CE12C9D60}"
EndProject
Project("{9A19103F-16F7-4668-BE54-9A1E7A4F7556}") = "CrtML", "CrtML\Files\CrtML.csproj", "{F35F61B8-CF0C-40AF-89E3-9398B6283F15}"
EndProject
Project("{2150E333-8FDC-42A3-9474-1A3956D46DE8}") = "CrtMLangContent", "CrtMLangContent", "{1CE47433-845D-40A2-AF06-1BCA4A5C29D2}"
EndProject
Project("{9A19103F-16F7-4668-BE54-9A1E7A4F7556}") = "CrtMLangContent", "CrtMLangContent\Files\CrtMLangContent.csproj", "{E87CF690-C026-4294-9496-27875EB45A15}"
EndProject
Project("{2150E333-8FDC-42A3-9474-1A3956D46DE8}") = "CrtNextStep", "CrtNextStep", "{884EEE5E-1404-45BA-9F94-1F4B23A13910}"
EndProject
Project("{9A19103F-16F7-4668-BE54-9A1E7A4F7556}") = "CrtNextStep", "CrtNextStep\Files\CrtNextStep.csproj", "{B1D825B4-09F9-4B48-9616-28373AC1537F}"
EndProject
Project("{2150E333-8FDC-42A3-9474-1A3956D46DE8}") = "CrtProductivityApp", "CrtProductivityApp", "{C652B4D8-622E-40A8-8F74-A2515D85751C}"
EndProject
Project("{9A19103F-16F7-4668-BE54-9A1E7A4F7556}") = "CrtProductivityApp", "CrtProductivityApp\Files\CrtProductivityApp.csproj", "{DEBC206B-886E-44E5-8E7D-BC25190B2C39}"
EndProject
Project("{2150E333-8FDC-42A3-9474-1A3956D46DE8}") = "CrtSmsIntegration", "CrtSmsIntegration", "{3F82C385-61BC-438F-9D37-EFFEC87134F1}"
EndProject
Project("{9A19103F-16F7-4668-BE54-9A1E7A4F7556}") = "CrtSmsIntegration", "CrtSmsIntegration\Files\CrtSmsIntegration.csproj", "{8456995B-04A9-42C6-811B-8B5FD107132E}"
EndProject
Project("{2150E333-8FDC-42A3-9474-1A3956D46DE8}") = "CrtUISwitcher", "CrtUISwitcher", "{C57306DF-FA14-4743-9B11-551D653ABE97}"
EndProject
Project("{9A19103F-16F7-4668-BE54-9A1E7A4F7556}") = "CrtUISwitcher", "CrtUISwitcher\Files\CrtUISwitcher.csproj", "{3D888B28-B66C-4BE8-9553-416024D0ADE6}"
EndProject
Project("{2150E333-8FDC-42A3-9474-1A3956D46DE8}") = "CSL_MaintenanceTools", "CSL_MaintenanceTools", "{7B8D87E0-1F02-43E4-952E-01B1DBBFDFC8}"
EndProject
Project("{9A19103F-16F7-4668-BE54-9A1E7A4F7556}") = "CSL_MaintenanceTools", "CSL_MaintenanceTools\Files\CSL_MaintenanceTools.csproj", "{4C78FAB1-0522-429E-AC7D-3F544115C9CB}"
EndProject
Project("{2150E333-8FDC-42A3-9474-1A3956D46DE8}") = "CSP", "CSP", "{DC374053-2252-42AE-8545-886270F1001B}"
EndProject
Project("{9A19103F-16F7-4668-BE54-9A1E7A4F7556}") = "CSP", "CSP\Files\CSP.csproj", "{9B54AC6C-4889-4611-B484-422A9E4EF5DF}"
EndProject
Project("{2150E333-8FDC-42A3-9474-1A3956D46DE8}") = "DevPack", "DevPack", "{2E8C6FC7-5D4E-45AE-BBE3-DD6BC44F05A0}"
EndProject
Project("{9A19103F-16F7-4668-BE54-9A1E7A4F7556}") = "DevPack", "DevPack\Files\DevPack.csproj", "{07221D31-8FC8-4DF1-9A46-55F771CAA39B}"
EndProject
Project("{2150E333-8FDC-42A3-9474-1A3956D46DE8}") = "FeatureToggling", "FeatureToggling", "{E4B50D0D-1D7D-49B1-8EA0-1FA54E0BAEBA}"
EndProject
Project("{9A19103F-16F7-4668-BE54-9A1E7A4F7556}") = "FeatureToggling", "FeatureToggling\Files\FeatureToggling.csproj", "{A8A728E0-8662-46AE-8E61-0D72D559F7E3}"
EndProject
Project("{2150E333-8FDC-42A3-9474-1A3956D46DE8}") = "Finesse", "Finesse", "{DC005E10-4672-43CB-ABAC-D8DAB7C48F2C}"
EndProject
Project("{9A19103F-16F7-4668-BE54-9A1E7A4F7556}") = "Finesse", "Finesse\Files\Finesse.csproj", "{14F5EC86-24C1-439E-8E3A-B9976041F3EF}"
EndProject
Project("{2150E333-8FDC-42A3-9474-1A3956D46DE8}") = "MLProcessDesigner", "MLProcessDesigner", "{632CCF50-D923-4F0E-B282-350E102545AB}"
EndProject
Project("{9A19103F-16F7-4668-BE54-9A1E7A4F7556}") = "MLProcessDesigner", "MLProcessDesigner\Files\MLProcessDesigner.csproj", "{416F22D8-AB3A-470B-A2C7-D6335DCD02D1}"
EndProject
Project("{2150E333-8FDC-42A3-9474-1A3956D46DE8}") = "OpenIdAuth", "OpenIdAuth", "{8FCC504E-DB7A-43D5-B7BF-8547C70F7ED7}"
EndProject
Project("{9A19103F-16F7-4668-BE54-9A1E7A4F7556}") = "OpenIdAuth", "OpenIdAuth\Files\OpenIdAuth.csproj", "{81A98565-3679-402C-A408-A6EC61DF9580}"
EndProject
Project("{2150E333-8FDC-42A3-9474-1A3956D46DE8}") = "SsoSettings", "SsoSettings", "{F940CF0F-C5F0-4F45-892B-159BC7FDEA5B}"
EndProject
Project("{9A19103F-16F7-4668-BE54-9A1E7A4F7556}") = "SsoSettings", "SsoSettings\Files\SsoSettings.csproj", "{8B1A5A63-635B-48DF-A4E4-F627DC007BC0}"
EndProject
Project("{2150E333-8FDC-42A3-9474-1A3956D46DE8}") = "UsrRealtyFreedomUI", "UsrRealtyFreedomUI", "{4F7FA4D3-DB99-4FFA-B3A3-ED0368D95CB3}"
EndProject
Project("{9A19103F-16F7-4668-BE54-9A1E7A4F7556}") = "UsrRealtyFreedomUI", "UsrRealtyFreedomUI\Files\UsrRealtyFreedomUI.csproj", "{C1FDA01C-2241-4FC9-BF9B-966842DDFF70}"
EndProject
Project("{2150E333-8FDC-42A3-9474-1A3956D46DE8}") = "XSSProtection", "XSSProtection", "{487EA6F8-0508-4057-8E84-341B5AEE0AD1}"
EndProject
Project("{9A19103F-16F7-4668-BE54-9A1E7A4F7556}") = "XSSProtection", "XSSProtection\Files\XSSProtection.csproj", "{0240F4B6-DF7D-45B1-99E5-83D1EBF8C9ED}"
EndProject
Global
	GlobalSection(SolutionConfigurationPlatforms) = preSolution
		Debug|Any CPU = Debug|Any CPU
		Release|Any CPU = Release|Any CPU
	EndGlobalSection
	GlobalSection(ProjectConfigurationPlatforms) = postSolution
		{A1FB3D70-1BFC-46A8-B655-061B194E5B9E}.Debug|Any CPU.ActiveCfg = Debug|Any CPU
		{A1FB3D70-1BFC-46A8-B655-061B194E5B9E}.Debug|Any CPU.Build.0 = Debug|Any CPU
		{A1FB3D70-1BFC-46A8-B655-061B194E5B9E}.Release|Any CPU.ActiveCfg = Release|Any CPU
		{A1FB3D70-1BFC-46A8-B655-061B194E5B9E}.Release|Any CPU.Build.0 = Release|Any CPU
		{ADBFE499-4B1D-4456-86DE-D1E5243FF05F}.Debug|Any CPU.ActiveCfg = Debug|Any CPU
		{ADBFE499-4B1D-4456-86DE-D1E5243FF05F}.Debug|Any CPU.Build.0 = Debug|Any CPU
		{ADBFE499-4B1D-4456-86DE-D1E5243FF05F}.Release|Any CPU.ActiveCfg = Release|Any CPU
		{ADBFE499-4B1D-4456-86DE-D1E5243FF05F}.Release|Any CPU.Build.0 = Release|Any CPU
		{3749CBE4-DFC3-4114-947C-CFF4433B90D9}.Debug|Any CPU.ActiveCfg = Debug|Any CPU
		{3749CBE4-DFC3-4114-947C-CFF4433B90D9}.Debug|Any CPU.Build.0 = Debug|Any CPU
		{3749CBE4-DFC3-4114-947C-CFF4433B90D9}.Release|Any CPU.ActiveCfg = Release|Any CPU
		{3749CBE4-DFC3-4114-947C-CFF4433B90D9}.Release|Any CPU.Build.0 = Release|Any CPU
		{6C79B4EF-DD3F-4F4B-A2E3-8E15070617D9}.Debug|Any CPU.ActiveCfg = Debug|Any CPU
		{6C79B4EF-DD3F-4F4B-A2E3-8E15070617D9}.Debug|Any CPU.Build.0 = Debug|Any CPU
		{6C79B4EF-DD3F-4F4B-A2E3-8E15070617D9}.Release|Any CPU.ActiveCfg = Release|Any CPU
		{6C79B4EF-DD3F-4F4B-A2E3-8E15070617D9}.Release|Any CPU.Build.0 = Release|Any CPU
		{1F274517-73D9-4F07-97B6-46D82A698AE1}.Debug|Any CPU.ActiveCfg = Debug|Any CPU
		{1F274517-73D9-4F07-97B6-46D82A698AE1}.Debug|Any CPU.Build.0 = Debug|Any CPU
		{1F274517-73D9-4F07-97B6-46D82A698AE1}.Release|Any CPU.ActiveCfg = Release|Any CPU
		{1F274517-73D9-4F07-97B6-46D82A698AE1}.Release|Any CPU.Build.0 = Release|Any CPU
		{5044726C-67D7-447F-BB67-4048A2CECF8D}.Debug|Any CPU.ActiveCfg = Debug|Any CPU
		{5044726C-67D7-447F-BB67-4048A2CECF8D}.Debug|Any CPU.Build.0 = Debug|Any CPU
		{5044726C-67D7-447F-BB67-4048A2CECF8D}.Release|Any CPU.ActiveCfg = Release|Any CPU
		{5044726C-67D7-447F-BB67-4048A2CECF8D}.Release|Any CPU.Build.0 = Release|Any CPU
		{4DDA0291-F64F-43DA-A245-488A44C75ADA}.Debug|Any CPU.ActiveCfg = Debug|Any CPU
		{4DDA0291-F64F-43DA-A245-488A44C75ADA}.Debug|Any CPU.Build.0 = Debug|Any CPU
		{4DDA0291-F64F-43DA-A245-488A44C75ADA}.Release|Any CPU.ActiveCfg = Release|Any CPU
		{4DDA0291-F64F-43DA-A245-488A44C75ADA}.Release|Any CPU.Build.0 = Release|Any CPU
		{BA6E5883-5895-40D2-9C18-36285A988870}.Debug|Any CPU.ActiveCfg = Debug|Any CPU
		{BA6E5883-5895-40D2-9C18-36285A988870}.Debug|Any CPU.Build.0 = Debug|Any CPU
		{BA6E5883-5895-40D2-9C18-36285A988870}.Release|Any CPU.ActiveCfg = Release|Any CPU
		{BA6E5883-5895-40D2-9C18-36285A988870}.Release|Any CPU.Build.0 = Release|Any CPU
		{1AF3D2FA-C945-45A5-BFAD-F386285D55E3}.Debug|Any CPU.ActiveCfg = Debug|Any CPU
		{1AF3D2FA-C945-45A5-BFAD-F386285D55E3}.Debug|Any CPU.Build.0 = Debug|Any CPU
		{1AF3D2FA-C945-45A5-BFAD-F386285D55E3}.Release|Any CPU.ActiveCfg = Release|Any CPU
		{1AF3D2FA-C945-45A5-BFAD-F386285D55E3}.Release|Any CPU.Build.0 = Release|Any CPU
		{04BF3DEC-A95D-4BBF-BCAE-14EDB13A7E3F}.Debug|Any CPU.ActiveCfg = Debug|Any CPU
		{04BF3DEC-A95D-4BBF-BCAE-14EDB13A7E3F}.Debug|Any CPU.Build.0 = Debug|Any CPU
		{04BF3DEC-A95D-4BBF-BCAE-14EDB13A7E3F}.Release|Any CPU.ActiveCfg = Release|Any CPU
		{04BF3DEC-A95D-4BBF-BCAE-14EDB13A7E3F}.Release|Any CPU.Build.0 = Release|Any CPU
		{AF426A7E-0635-497E-A913-E286927FC295}.Debug|Any CPU.ActiveCfg = Debug|Any CPU
		{AF426A7E-0635-497E-A913-E286927FC295}.Debug|Any CPU.Build.0 = Debug|Any CPU
		{AF426A7E-0635-497E-A913-E286927FC295}.Release|Any CPU.ActiveCfg = Release|Any CPU
		{AF426A7E-0635-497E-A913-E286927FC295}.Release|Any CPU.Build.0 = Release|Any CPU
		{AD14A422-7A1B-4329-AE68-EB547F94BD3E}.Debug|Any CPU.ActiveCfg = Debug|Any CPU
		{AD14A422-7A1B-4329-AE68-EB547F94BD3E}.Debug|Any CPU.Build.0 = Debug|Any CPU
		{AD14A422-7A1B-4329-AE68-EB547F94BD3E}.Release|Any CPU.ActiveCfg = Release|Any CPU
		{AD14A422-7A1B-4329-AE68-EB547F94BD3E}.Release|Any CPU.Build.0 = Release|Any CPU
		{F35F61B8-CF0C-40AF-89E3-9398B6283F15}.Debug|Any CPU.ActiveCfg = Debug|Any CPU
		{F35F61B8-CF0C-40AF-89E3-9398B6283F15}.Debug|Any CPU.Build.0 = Debug|Any CPU
		{F35F61B8-CF0C-40AF-89E3-9398B6283F15}.Release|Any CPU.ActiveCfg = Release|Any CPU
		{F35F61B8-CF0C-40AF-89E3-9398B6283F15}.Release|Any CPU.Build.0 = Release|Any CPU
		{E87CF690-C026-4294-9496-27875EB45A15}.Debug|Any CPU.ActiveCfg = Debug|Any CPU
		{E87CF690-C026-4294-9496-27875EB45A15}.Debug|Any CPU.Build.0 = Debug|Any CPU
		{E87CF690-C026-4294-9496-27875EB45A15}.Release|Any CPU.ActiveCfg = Release|Any CPU
		{E87CF690-C026-4294-9496-27875EB45A15}.Release|Any CPU.Build.0 = Release|Any CPU
		{B1D825B4-09F9-4B48-9616-28373AC1537F}.Debug|Any CPU.ActiveCfg = Debug|Any CPU
		{B1D825B4-09F9-4B48-9616-28373AC1537F}.Debug|Any CPU.Build.0 = Debug|Any CPU
		{B1D825B4-09F9-4B48-9616-28373AC1537F}.Release|Any CPU.ActiveCfg = Release|Any CPU
		{B1D825B4-09F9-4B48-9616-28373AC1537F}.Release|Any CPU.Build.0 = Release|Any CPU
		{DEBC206B-886E-44E5-8E7D-BC25190B2C39}.Debug|Any CPU.ActiveCfg = Debug|Any CPU
		{DEBC206B-886E-44E5-8E7D-BC25190B2C39}.Debug|Any CPU.Build.0 = Debug|Any CPU
		{DEBC206B-886E-44E5-8E7D-BC25190B2C39}.Release|Any CPU.ActiveCfg = Release|Any CPU
		{DEBC206B-886E-44E5-8E7D-BC25190B2C39}.Release|Any CPU.Build.0 = Release|Any CPU
		{8456995B-04A9-42C6-811B-8B5FD107132E}.Debug|Any CPU.ActiveCfg = Debug|Any CPU
		{8456995B-04A9-42C6-811B-8B5FD107132E}.Debug|Any CPU.Build.0 = Debug|Any CPU
		{8456995B-04A9-42C6-811B-8B5FD107132E}.Release|Any CPU.ActiveCfg = Release|Any CPU
		{8456995B-04A9-42C6-811B-8B5FD107132E}.Release|Any CPU.Build.0 = Release|Any CPU
		{3D888B28-B66C-4BE8-9553-416024D0ADE6}.Debug|Any CPU.ActiveCfg = Debug|Any CPU
		{3D888B28-B66C-4BE8-9553-416024D0ADE6}.Debug|Any CPU.Build.0 = Debug|Any CPU
		{3D888B28-B66C-4BE8-9553-416024D0ADE6}.Release|Any CPU.ActiveCfg = Release|Any CPU
		{3D888B28-B66C-4BE8-9553-416024D0ADE6}.Release|Any CPU.Build.0 = Release|Any CPU
		{4C78FAB1-0522-429E-AC7D-3F544115C9CB}.Debug|Any CPU.ActiveCfg = Debug|Any CPU
		{4C78FAB1-0522-429E-AC7D-3F544115C9CB}.Debug|Any CPU.Build.0 = Debug|Any CPU
		{4C78FAB1-0522-429E-AC7D-3F544115C9CB}.Release|Any CPU.ActiveCfg = Release|Any CPU
		{4C78FAB1-0522-429E-AC7D-3F544115C9CB}.Release|Any CPU.Build.0 = Release|Any CPU
		{9B54AC6C-4889-4611-B484-422A9E4EF5DF}.Debug|Any CPU.ActiveCfg = Debug|Any CPU
		{9B54AC6C-4889-4611-B484-422A9E4EF5DF}.Debug|Any CPU.Build.0 = Debug|Any CPU
		{9B54AC6C-4889-4611-B484-422A9E4EF5DF}.Release|Any CPU.ActiveCfg = Release|Any CPU
		{9B54AC6C-4889-4611-B484-422A9E4EF5DF}.Release|Any CPU.Build.0 = Release|Any CPU
		{07221D31-8FC8-4DF1-9A46-55F771CAA39B}.Debug|Any CPU.ActiveCfg = Debug|Any CPU
		{07221D31-8FC8-4DF1-9A46-55F771CAA39B}.Debug|Any CPU.Build.0 = Debug|Any CPU
		{07221D31-8FC8-4DF1-9A46-55F771CAA39B}.Release|Any CPU.ActiveCfg = Release|Any CPU
		{07221D31-8FC8-4DF1-9A46-55F771CAA39B}.Release|Any CPU.Build.0 = Release|Any CPU
		{A8A728E0-8662-46AE-8E61-0D72D559F7E3}.Debug|Any CPU.ActiveCfg = Debug|Any CPU
		{A8A728E0-8662-46AE-8E61-0D72D559F7E3}.Debug|Any CPU.Build.0 = Debug|Any CPU
		{A8A728E0-8662-46AE-8E61-0D72D559F7E3}.Release|Any CPU.ActiveCfg = Release|Any CPU
		{A8A728E0-8662-46AE-8E61-0D72D559F7E3}.Release|Any CPU.Build.0 = Release|Any CPU
		{14F5EC86-24C1-439E-8E3A-B9976041F3EF}.Debug|Any CPU.ActiveCfg = Debug|Any CPU
		{14F5EC86-24C1-439E-8E3A-B9976041F3EF}.Debug|Any CPU.Build.0 = Debug|Any CPU
		{14F5EC86-24C1-439E-8E3A-B9976041F3EF}.Release|Any CPU.ActiveCfg = Release|Any CPU
		{14F5EC86-24C1-439E-8E3A-B9976041F3EF}.Release|Any CPU.Build.0 = Release|Any CPU
		{416F22D8-AB3A-470B-A2C7-D6335DCD02D1}.Debug|Any CPU.ActiveCfg = Debug|Any CPU
		{416F22D8-AB3A-470B-A2C7-D6335DCD02D1}.Debug|Any CPU.Build.0 = Debug|Any CPU
		{416F22D8-AB3A-470B-A2C7-D6335DCD02D1}.Release|Any CPU.ActiveCfg = Release|Any CPU
		{416F22D8-AB3A-470B-A2C7-D6335DCD02D1}.Release|Any CPU.Build.0 = Release|Any CPU
		{81A98565-3679-402C-A408-A6EC61DF9580}.Debug|Any CPU.ActiveCfg = Debug|Any CPU
		{81A98565-3679-402C-A408-A6EC61DF9580}.Debug|Any CPU.Build.0 = Debug|Any CPU
		{81A98565-3679-402C-A408-A6EC61DF9580}.Release|Any CPU.ActiveCfg = Release|Any CPU
		{81A98565-3679-402C-A408-A6EC61DF9580}.Release|Any CPU.Build.0 = Release|Any CPU
		{8B1A5A63-635B-48DF-A4E4-F627DC007BC0}.Debug|Any CPU.ActiveCfg = Debug|Any CPU
		{8B1A5A63-635B-48DF-A4E4-F627DC007BC0}.Debug|Any CPU.Build.0 = Debug|Any CPU
		{8B1A5A63-635B-48DF-A4E4-F627DC007BC0}.Release|Any CPU.ActiveCfg = Release|Any CPU
		{8B1A5A63-635B-48DF-A4E4-F627DC007BC0}.Release|Any CPU.Build.0 = Release|Any CPU
		{C1FDA01C-2241-4FC9-BF9B-966842DDFF70}.Debug|Any CPU.ActiveCfg = Debug|Any CPU
		{C1FDA01C-2241-4FC9-BF9B-966842DDFF70}.Debug|Any CPU.Build.0 = Debug|Any CPU
		{C1FDA01C-2241-4FC9-BF9B-966842DDFF70}.Release|Any CPU.ActiveCfg = Release|Any CPU
		{C1FDA01C-2241-4FC9-BF9B-966842DDFF70}.Release|Any CPU.Build.0 = Release|Any CPU
		{0240F4B6-DF7D-45B1-99E5-83D1EBF8C9ED}.Debug|Any CPU.ActiveCfg = Debug|Any CPU
		{0240F4B6-DF7D-45B1-99E5-83D1EBF8C9ED}.Debug|Any CPU.Build.0 = Debug|Any CPU
		{0240F4B6-DF7D-45B1-99E5-83D1EBF8C9ED}.Release|Any CPU.ActiveCfg = Release|Any CPU
		{0240F4B6-DF7D-45B1-99E5-83D1EBF8C9ED}.Release|Any CPU.Build.0 = Release|Any CPU
	EndGlobalSection
	GlobalSection(SolutionProperties) = preSolution
		HideSolutionNode = FALSE
	EndGlobalSection
	GlobalSection(NestedProjects) = preSolution
		{A1FB3D70-1BFC-46A8-B655-061B194E5B9E} = {7FF5DBDF-DBDC-4FFB-9C75-AE7C7E0C25D9}
		{ADBFE499-4B1D-4456-86DE-D1E5243FF05F} = {EA437697-8614-48B0-B0C6-D626A8F65ED6}
		{3749CBE4-DFC3-4114-947C-CFF4433B90D9} = {49A3AFBE-4FD8-4E18-9ECC-97E69ABE930C}
		{6C79B4EF-DD3F-4F4B-A2E3-8E15070617D9} = {2F5114AB-A652-4C47-88A2-C27ABF5D0BD3}
		{1F274517-73D9-4F07-97B6-46D82A698AE1} = {0CEDE775-C7B5-4912-AF52-FB64524D7E2F}
		{5044726C-67D7-447F-BB67-4048A2CECF8D} = {F1527A9A-819C-41FF-9DCE-53B2ACFB4802}
		{4DDA0291-F64F-43DA-A245-488A44C75ADA} = {28D54FCC-89A9-47B2-A605-6A76634909A2}
		{BA6E5883-5895-40D2-9C18-36285A988870} = {3C5B45A6-7E36-4336-9674-AA68FF2FEFD0}
		{1AF3D2FA-C945-45A5-BFAD-F386285D55E3} = {78C611A8-2E35-4871-8955-40C0120635C7}
		{04BF3DEC-A95D-4BBF-BCAE-14EDB13A7E3F} = {FFBE6245-1BB9-473E-A5F6-328A37E03C81}
		{AF426A7E-0635-497E-A913-E286927FC295} = {53759091-BE7B-4402-87D5-70C90DD315C4}
		{AD14A422-7A1B-4329-AE68-EB547F94BD3E} = {A65FCE7F-A059-468C-A054-043D2BB3DD11}
		{F35F61B8-CF0C-40AF-89E3-9398B6283F15} = {61A21054-55EC-4B54-8600-534CE12C9D60}
		{E87CF690-C026-4294-9496-27875EB45A15} = {1CE47433-845D-40A2-AF06-1BCA4A5C29D2}
		{B1D825B4-09F9-4B48-9616-28373AC1537F} = {884EEE5E-1404-45BA-9F94-1F4B23A13910}
		{DEBC206B-886E-44E5-8E7D-BC25190B2C39} = {C652B4D8-622E-40A8-8F74-A2515D85751C}
		{8456995B-04A9-42C6-811B-8B5FD107132E} = {3F82C385-61BC-438F-9D37-EFFEC87134F1}
		{3D888B28-B66C-4BE8-9553-416024D0ADE6} = {C57306DF-FA14-4743-9B11-551D653ABE97}
		{4C78FAB1-0522-429E-AC7D-3F544115C9CB} = {7B8D87E0-1F02-43E4-952E-01B1DBBFDFC8}
		{9B54AC6C-4889-4611-B484-422A9E4EF5DF} = {DC374053-2252-42AE-8545-886270F1001B}
		{07221D31-8FC8-4DF1-9A46-55F771CAA39B} = {2E8C6FC7-5D4E-45AE-BBE3-DD6BC44F05A0}
		{A8A728E0-8662-46AE-8E61-0D72D559F7E3} = {E4B50D0D-1D7D-49B1-8EA0-1FA54E0BAEBA}
		{14F5EC86-24C1-439E-8E3A-B9976041F3EF} = {DC005E10-4672-43CB-ABAC-D8DAB7C48F2C}
		{416F22D8-AB3A-470B-A2C7-D6335DCD02D1} = {632CCF50-D923-4F0E-B282-350E102545AB}
		{81A98565-3679-402C-A408-A6EC61DF9580} = {8FCC504E-DB7A-43D5-B7BF-8547C70F7ED7}
		{8B1A5A63-635B-48DF-A4E4-F627DC007BC0} = {F940CF0F-C5F0-4F45-892B-159BC7FDEA5B}
		{C1FDA01C-2241-4FC9-BF9B-966842DDFF70} = {4F7FA4D3-DB99-4FFA-B3A3-ED0368D95CB3}
		{0240F4B6-DF7D-45B1-99E5-83D1EBF8C9ED} = {487EA6F8-0508-4057-8E84-341B5AEE0AD1}
	EndGlobalSection
	GlobalSection(ExtensibilityGlobals) = postSolution
		SolutionGuid = {4EF8E4C2-C58A-4CA6-AD57-37E765048C45}
	EndGlobalSection
EndGlobal
